// !$*UTF8*$!
{
	archiveVersion = 1;
	classes = {
	};
	objectVersion = 46;
	objects = {

/* Begin PBXBuildFile section */
		4B7F8C7132853A703BE5B887 /* Pods_OrderForm.framework in Frameworks */ = {isa = PBXBuildFile; fileRef = 8FB5F148A75AF080C1243F6E /* Pods_OrderForm.framework */; };
		853243DA1C7EA606001B3A6E /* main.m in Sources */ = {isa = PBXBuildFile; fileRef = 853243D91C7EA606001B3A6E /* main.m */; };
		853243DD1C7EA606001B3A6E /* AppDelegate.m in Sources */ = {isa = PBXBuildFile; fileRef = 853243DC1C7EA606001B3A6E /* AppDelegate.m */; };
		853243E01C7EA606001B3A6E /* ViewController.m in Sources */ = {isa = PBXBuildFile; fileRef = 853243DF1C7EA606001B3A6E /* ViewController.m */; };
		853243E31C7EA606001B3A6E /* Main.storyboard in Resources */ = {isa = PBXBuildFile; fileRef = 853243E11C7EA606001B3A6E /* Main.storyboard */; };
		853243E51C7EA606001B3A6E /* Assets.xcassets in Resources */ = {isa = PBXBuildFile; fileRef = 853243E41C7EA606001B3A6E /* Assets.xcassets */; };
		853243E81C7EA606001B3A6E /* LaunchScreen.storyboard in Resources */ = {isa = PBXBuildFile; fileRef = 853243E61C7EA606001B3A6E /* LaunchScreen.storyboard */; };
		853243F71C7F5179001B3A6E /* DrawView.m in Sources */ = {isa = PBXBuildFile; fileRef = 853243F61C7F5179001B3A6E /* DrawView.m */; };
		853243F91C7F5D03001B3A6E /* MessageUI.framework in Frameworks */ = {isa = PBXBuildFile; fileRef = 853243F81C7F5D03001B3A6E /* MessageUI.framework */; };
		853243FC1C7F6D54001B3A6E /* TPKeyboardAvoidingScrollView.m in Sources */ = {isa = PBXBuildFile; fileRef = 853243FB1C7F6D54001B3A6E /* TPKeyboardAvoidingScrollView.m */; };
		853243FF1C7F6D8F001B3A6E /* UIScrollView+TPKeyboardAvoidingAdditions.m in Sources */ = {isa = PBXBuildFile; fileRef = 853243FE1C7F6D8F001B3A6E /* UIScrollView+TPKeyboardAvoidingAdditions.m */; };
		85720A5E1C8354570044E9ED /* UITextField+Underlined.m in Sources */ = {isa = PBXBuildFile; fileRef = 85720A5D1C8354570044E9ED /* UITextField+Underlined.m */; };
/* End PBXBuildFile section */

/* Begin PBXFileReference section */
		237E5E5FDAD13EB5EA5E7804 /* Pods-OrderForm.release.xcconfig */ = {isa = PBXFileReference; includeInIndex = 1; lastKnownFileType = text.xcconfig; name = "Pods-OrderForm.release.xcconfig"; path = "Pods/Target Support Files/Pods-OrderForm/Pods-OrderForm.release.xcconfig"; sourceTree = "<group>"; };
		853243D51C7EA606001B3A6E /* OrderForm.app */ = {isa = PBXFileReference; explicitFileType = wrapper.application; includeInIndex = 0; path = OrderForm.app; sourceTree = BUILT_PRODUCTS_DIR; };
		853243D91C7EA606001B3A6E /* main.m */ = {isa = PBXFileReference; lastKnownFileType = sourcecode.c.objc; path = main.m; sourceTree = "<group>"; };
		853243DB1C7EA606001B3A6E /* AppDelegate.h */ = {isa = PBXFileReference; lastKnownFileType = sourcecode.c.h; path = AppDelegate.h; sourceTree = "<group>"; };
		853243DC1C7EA606001B3A6E /* AppDelegate.m */ = {isa = PBXFileReference; lastKnownFileType = sourcecode.c.objc; path = AppDelegate.m; sourceTree = "<group>"; };
		853243DE1C7EA606001B3A6E /* ViewController.h */ = {isa = PBXFileReference; lastKnownFileType = sourcecode.c.h; path = ViewController.h; sourceTree = "<group>"; };
		853243DF1C7EA606001B3A6E /* ViewController.m */ = {isa = PBXFileReference; lastKnownFileType = sourcecode.c.objc; path = ViewController.m; sourceTree = "<group>"; };
		853243E21C7EA606001B3A6E /* Base */ = {isa = PBXFileReference; lastKnownFileType = file.storyboard; name = Base; path = Base.lproj/Main.storyboard; sourceTree = "<group>"; };
		853243E41C7EA606001B3A6E /* Assets.xcassets */ = {isa = PBXFileReference; lastKnownFileType = folder.assetcatalog; path = Assets.xcassets; sourceTree = "<group>"; };
		853243E71C7EA606001B3A6E /* Base */ = {isa = PBXFileReference; lastKnownFileType = file.storyboard; name = Base; path = Base.lproj/LaunchScreen.storyboard; sourceTree = "<group>"; };
		853243E91C7EA606001B3A6E /* Info.plist */ = {isa = PBXFileReference; lastKnownFileType = text.plist.xml; path = Info.plist; sourceTree = "<group>"; };
		853243F51C7F5179001B3A6E /* DrawView.h */ = {isa = PBXFileReference; fileEncoding = 4; lastKnownFileType = sourcecode.c.h; path = DrawView.h; sourceTree = "<group>"; };
		853243F61C7F5179001B3A6E /* DrawView.m */ = {isa = PBXFileReference; fileEncoding = 4; lastKnownFileType = sourcecode.c.objc; path = DrawView.m; sourceTree = "<group>"; };
		853243F81C7F5D03001B3A6E /* MessageUI.framework */ = {isa = PBXFileReference; lastKnownFileType = wrapper.framework; name = MessageUI.framework; path = System/Library/Frameworks/MessageUI.framework; sourceTree = SDKROOT; };
		853243FA1C7F6D54001B3A6E /* TPKeyboardAvoidingScrollView.h */ = {isa = PBXFileReference; fileEncoding = 4; lastKnownFileType = sourcecode.c.h; path = TPKeyboardAvoidingScrollView.h; sourceTree = "<group>"; };
		853243FB1C7F6D54001B3A6E /* TPKeyboardAvoidingScrollView.m */ = {isa = PBXFileReference; fileEncoding = 4; lastKnownFileType = sourcecode.c.objc; path = TPKeyboardAvoidingScrollView.m; sourceTree = "<group>"; };
		853243FD1C7F6D8F001B3A6E /* UIScrollView+TPKeyboardAvoidingAdditions.h */ = {isa = PBXFileReference; fileEncoding = 4; lastKnownFileType = sourcecode.c.h; path = "UIScrollView+TPKeyboardAvoidingAdditions.h"; sourceTree = "<group>"; };
		853243FE1C7F6D8F001B3A6E /* UIScrollView+TPKeyboardAvoidingAdditions.m */ = {isa = PBXFileReference; fileEncoding = 4; lastKnownFileType = sourcecode.c.objc; path = "UIScrollView+TPKeyboardAvoidingAdditions.m"; sourceTree = "<group>"; };
		85720A5C1C8354570044E9ED /* UITextField+Underlined.h */ = {isa = PBXFileReference; fileEncoding = 4; lastKnownFileType = sourcecode.c.h; path = "UITextField+Underlined.h"; sourceTree = "<group>"; };
		85720A5D1C8354570044E9ED /* UITextField+Underlined.m */ = {isa = PBXFileReference; fileEncoding = 4; lastKnownFileType = sourcecode.c.objc; path = "UITextField+Underlined.m"; sourceTree = "<group>"; };
		8FB5F148A75AF080C1243F6E /* Pods_OrderForm.framework */ = {isa = PBXFileReference; explicitFileType = wrapper.framework; includeInIndex = 0; path = Pods_OrderForm.framework; sourceTree = BUILT_PRODUCTS_DIR; };
		B24FB470807EE5B833AB0CFE /* Pods-OrderForm.debug.xcconfig */ = {isa = PBXFileReference; includeInIndex = 1; lastKnownFileType = text.xcconfig; name = "Pods-OrderForm.debug.xcconfig"; path = "Pods/Target Support Files/Pods-OrderForm/Pods-OrderForm.debug.xcconfig"; sourceTree = "<group>"; };
/* End PBXFileReference section */

/* Begin PBXFrameworksBuildPhase section */
		853243D21C7EA606001B3A6E /* Frameworks */ = {
			isa = PBXFrameworksBuildPhase;
			buildActionMask = 2147483647;
			files = (
				853243F91C7F5D03001B3A6E /* MessageUI.framework in Frameworks */,
				4B7F8C7132853A703BE5B887 /* Pods_OrderForm.framework in Frameworks */,
			);
			runOnlyForDeploymentPostprocessing = 0;
		};
/* End PBXFrameworksBuildPhase section */

/* Begin PBXGroup section */
		2915064595029F61F0D7E035 /* Frameworks */ = {
			isa = PBXGroup;
			children = (
				853243F81C7F5D03001B3A6E /* MessageUI.framework */,
				8FB5F148A75AF080C1243F6E /* Pods_OrderForm.framework */,
			);
			name = Frameworks;
			sourceTree = "<group>";
		};
		6DB3A7AC9B73CF4E08C66EE1 /* Pods */ = {
			isa = PBXGroup;
			children = (
				B24FB470807EE5B833AB0CFE /* Pods-OrderForm.debug.xcconfig */,
				237E5E5FDAD13EB5EA5E7804 /* Pods-OrderForm.release.xcconfig */,
			);
			name = Pods;
			sourceTree = "<group>";
		};
		853243CC1C7EA606001B3A6E = {
			isa = PBXGroup;
			children = (
				853243D71C7EA606001B3A6E /* OrderForm */,
				853243D61C7EA606001B3A6E /* Products */,
				6DB3A7AC9B73CF4E08C66EE1 /* Pods */,
				2915064595029F61F0D7E035 /* Frameworks */,
			);
			sourceTree = "<group>";
		};
		853243D61C7EA606001B3A6E /* Products */ = {
			isa = PBXGroup;
			children = (
				853243D51C7EA606001B3A6E /* OrderForm.app */,
			);
			name = Products;
			sourceTree = "<group>";
		};
		853243D71C7EA606001B3A6E /* OrderForm */ = {
			isa = PBXGroup;
			children = (
				85720A5C1C8354570044E9ED /* UITextField+Underlined.h */,
				85720A5D1C8354570044E9ED /* UITextField+Underlined.m */,
				853243F51C7F5179001B3A6E /* DrawView.h */,
				853243F61C7F5179001B3A6E /* DrawView.m */,
				853243FD1C7F6D8F001B3A6E /* UIScrollView+TPKeyboardAvoidingAdditions.h */,
				853243FE1C7F6D8F001B3A6E /* UIScrollView+TPKeyboardAvoidingAdditions.m */,
				853243FA1C7F6D54001B3A6E /* TPKeyboardAvoidingScrollView.h */,
				853243FB1C7F6D54001B3A6E /* TPKeyboardAvoidingScrollView.m */,
				853243DB1C7EA606001B3A6E /* AppDelegate.h */,
				853243DC1C7EA606001B3A6E /* AppDelegate.m */,
				853243DE1C7EA606001B3A6E /* ViewController.h */,
				853243DF1C7EA606001B3A6E /* ViewController.m */,
				853243E11C7EA606001B3A6E /* Main.storyboard */,
				853243E41C7EA606001B3A6E /* Assets.xcassets */,
				853243E61C7EA606001B3A6E /* LaunchScreen.storyboard */,
				853243E91C7EA606001B3A6E /* Info.plist */,
				853243D81C7EA606001B3A6E /* Supporting Files */,
			);
			path = OrderForm;
			sourceTree = "<group>";
		};
		853243D81C7EA606001B3A6E /* Supporting Files */ = {
			isa = PBXGroup;
			children = (
				853243D91C7EA606001B3A6E /* main.m */,
			);
			name = "Supporting Files";
			sourceTree = "<group>";
		};
/* End PBXGroup section */

/* Begin PBXNativeTarget section */
		853243D41C7EA606001B3A6E /* OrderForm */ = {
			isa = PBXNativeTarget;
			buildConfigurationList = 853243EC1C7EA606001B3A6E /* Build configuration list for PBXNativeTarget "OrderForm" */;
			buildPhases = (
				4DB82D95F9FE88E98E6F0371 /* Check Pods Manifest.lock */,
				853243D11C7EA606001B3A6E /* Sources */,
				853243D21C7EA606001B3A6E /* Frameworks */,
				853243D31C7EA606001B3A6E /* Resources */,
				61FCA8162EC2674A2FFEAEDD /* Embed Pods Frameworks */,
				16AEA127971B35C46A1A3413 /* Copy Pods Resources */,
			);
			buildRules = (
			);
			dependencies = (
			);
			name = OrderForm;
			productName = OrderForm;
			productReference = 853243D51C7EA606001B3A6E /* OrderForm.app */;
			productType = "com.apple.product-type.application";
		};
/* End PBXNativeTarget section */

/* Begin PBXProject section */
		853243CD1C7EA606001B3A6E /* Project object */ = {
			isa = PBXProject;
			attributes = {
				LastUpgradeCheck = 0720;
				ORGANIZATIONNAME = Isolite;
				TargetAttributes = {
					853243D41C7EA606001B3A6E = {
						CreatedOnToolsVersion = 7.2;
						DevelopmentTeam = YKB5SLZHE4;
					};
				};
			};
			buildConfigurationList = 853243D01C7EA606001B3A6E /* Build configuration list for PBXProject "OrderForm" */;
			compatibilityVersion = "Xcode 3.2";
			developmentRegion = English;
			hasScannedForEncodings = 0;
			knownRegions = (
				en,
				Base,
			);
			mainGroup = 853243CC1C7EA606001B3A6E;
			productRefGroup = 853243D61C7EA606001B3A6E /* Products */;
			projectDirPath = "";
			projectRoot = "";
			targets = (
				853243D41C7EA606001B3A6E /* OrderForm */,
			);
		};
/* End PBXProject section */

/* Begin PBXResourcesBuildPhase section */
		853243D31C7EA606001B3A6E /* Resources */ = {
			isa = PBXResourcesBuildPhase;
			buildActionMask = 2147483647;
			files = (
				853243E81C7EA606001B3A6E /* LaunchScreen.storyboard in Resources */,
				853243E51C7EA606001B3A6E /* Assets.xcassets in Resources */,
				853243E31C7EA606001B3A6E /* Main.storyboard in Resources */,
			);
			runOnlyForDeploymentPostprocessing = 0;
		};
/* End PBXResourcesBuildPhase section */

/* Begin PBXShellScriptBuildPhase section */
		16AEA127971B35C46A1A3413 /* Copy Pods Resources */ = {
			isa = PBXShellScriptBuildPhase;
			buildActionMask = 2147483647;
			files = (
			);
			inputPaths = (
			);
			name = "Copy Pods Resources";
			outputPaths = (
			);
			runOnlyForDeploymentPostprocessing = 0;
			shellPath = /bin/sh;
			shellScript = "\"${SRCROOT}/Pods/Target Support Files/Pods-OrderForm/Pods-OrderForm-resources.sh\"\n";
			showEnvVarsInLog = 0;
		};
		4DB82D95F9FE88E98E6F0371 /* Check Pods Manifest.lock */ = {
			isa = PBXShellScriptBuildPhase;
			buildActionMask = 2147483647;
			files = (
			);
			inputPaths = (
			);
			name = "Check Pods Manifest.lock";
			outputPaths = (
			);
			runOnlyForDeploymentPostprocessing = 0;
			shellPath = /bin/sh;
			shellScript = "diff \"${PODS_ROOT}/../Podfile.lock\" \"${PODS_ROOT}/Manifest.lock\" > /dev/null\nif [[ $? != 0 ]] ; then\n    cat << EOM\nerror: The sandbox is not in sync with the Podfile.lock. Run 'pod install' or update your CocoaPods installation.\nEOM\n    exit 1\nfi\n";
			showEnvVarsInLog = 0;
		};
		61FCA8162EC2674A2FFEAEDD /* Embed Pods Frameworks */ = {
			isa = PBXShellScriptBuildPhase;
			buildActionMask = 2147483647;
			files = (
			);
			inputPaths = (
			);
			name = "Embed Pods Frameworks";
			outputPaths = (
			);
			runOnlyForDeploymentPostprocessing = 0;
			shellPath = /bin/sh;
			shellScript = "\"${SRCROOT}/Pods/Target Support Files/Pods-OrderForm/Pods-OrderForm-frameworks.sh\"\n";
			showEnvVarsInLog = 0;
		};
/* End PBXShellScriptBuildPhase section */

/* Begin PBXSourcesBuildPhase section */
		853243D11C7EA606001B3A6E /* Sources */ = {
			isa = PBXSourcesBuildPhase;
			buildActionMask = 2147483647;
			files = (
				853243FC1C7F6D54001B3A6E /* TPKeyboardAvoidingScrollView.m in Sources */,
				853243E01C7EA606001B3A6E /* ViewController.m in Sources */,
				853243DD1C7EA606001B3A6E /* AppDelegate.m in Sources */,
				853243F71C7F5179001B3A6E /* DrawView.m in Sources */,
				853243DA1C7EA606001B3A6E /* main.m in Sources */,
				85720A5E1C8354570044E9ED /* UITextField+Underlined.m in Sources */,
				853243FF1C7F6D8F001B3A6E /* UIScrollView+TPKeyboardAvoidingAdditions.m in Sources */,
			);
			runOnlyForDeploymentPostprocessing = 0;
		};
/* End PBXSourcesBuildPhase section */

/* Begin PBXVariantGroup section */
		853243E11C7EA606001B3A6E /* Main.storyboard */ = {
			isa = PBXVariantGroup;
			children = (
				853243E21C7EA606001B3A6E /* Base */,
			);
			name = Main.storyboard;
			sourceTree = "<group>";
		};
		853243E61C7EA606001B3A6E /* LaunchScreen.storyboard */ = {
			isa = PBXVariantGroup;
			children = (
				853243E71C7EA606001B3A6E /* Base */,
			);
			name = LaunchScreen.storyboard;
			sourceTree = "<group>";
		};
/* End PBXVariantGroup section */

/* Begin XCBuildConfiguration section */
		853243EA1C7EA606001B3A6E /* Debug */ = {
			isa = XCBuildConfiguration;
			buildSettings = {
				ALWAYS_SEARCH_USER_PATHS = NO;
				CLANG_CXX_LANGUAGE_STANDARD = "gnu++0x";
				CLANG_CXX_LIBRARY = "libc++";
				CLANG_ENABLE_MODULES = YES;
				CLANG_ENABLE_OBJC_ARC = YES;
				CLANG_WARN_BOOL_CONVERSION = YES;
				CLANG_WARN_CONSTANT_CONVERSION = YES;
				CLANG_WARN_DIRECT_OBJC_ISA_USAGE = YES_ERROR;
				CLANG_WARN_EMPTY_BODY = YES;
				CLANG_WARN_ENUM_CONVERSION = YES;
				CLANG_WARN_INT_CONVERSION = YES;
				CLANG_WARN_OBJC_ROOT_CLASS = YES_ERROR;
				CLANG_WARN_UNREACHABLE_CODE = YES;
				CLANG_WARN__DUPLICATE_METHOD_MATCH = YES;
				"CODE_SIGN_IDENTITY[sdk=iphoneos*]" = "iPhone Developer";
				COPY_PHASE_STRIP = NO;
				DEBUG_INFORMATION_FORMAT = dwarf;
				ENABLE_STRICT_OBJC_MSGSEND = YES;
				ENABLE_TESTABILITY = YES;
				GCC_C_LANGUAGE_STANDARD = gnu99;
				GCC_DYNAMIC_NO_PIC = NO;
				GCC_NO_COMMON_BLOCKS = YES;
				GCC_OPTIMIZATION_LEVEL = 0;
				GCC_PREPROCESSOR_DEFINITIONS = (
					"DEBUG=1",
					"$(inherited)",
				);
				GCC_WARN_64_TO_32_BIT_CONVERSION = YES;
				GCC_WARN_ABOUT_RETURN_TYPE = YES_ERROR;
				GCC_WARN_UNDECLARED_SELECTOR = YES;
				GCC_WARN_UNINITIALIZED_AUTOS = YES_AGGRESSIVE;
				GCC_WARN_UNUSED_FUNCTION = YES;
				GCC_WARN_UNUSED_VARIABLE = YES;
				IPHONEOS_DEPLOYMENT_TARGET = 9.2;
				MTL_ENABLE_DEBUG_INFO = YES;
				ONLY_ACTIVE_ARCH = YES;
				SDKROOT = iphoneos;
				TARGETED_DEVICE_FAMILY = 2;
			};
			name = Debug;
		};
		853243EB1C7EA606001B3A6E /* Release */ = {
			isa = XCBuildConfiguration;
			buildSettings = {
				ALWAYS_SEARCH_USER_PATHS = NO;
				CLANG_CXX_LANGUAGE_STANDARD = "gnu++0x";
				CLANG_CXX_LIBRARY = "libc++";
				CLANG_ENABLE_MODULES = YES;
				CLANG_ENABLE_OBJC_ARC = YES;
				CLANG_WARN_BOOL_CONVERSION = YES;
				CLANG_WARN_CONSTANT_CONVERSION = YES;
				CLANG_WARN_DIRECT_OBJC_ISA_USAGE = YES_ERROR;
				CLANG_WARN_EMPTY_BODY = YES;
				CLANG_WARN_ENUM_CONVERSION = YES;
				CLANG_WARN_INT_CONVERSION = YES;
				CLANG_WARN_OBJC_ROOT_CLASS = YES_ERROR;
				CLANG_WARN_UNREACHABLE_CODE = YES;
				CLANG_WARN__DUPLICATE_METHOD_MATCH = YES;
				"CODE_SIGN_IDENTITY[sdk=iphoneos*]" = "iPhone Developer";
				COPY_PHASE_STRIP = NO;
				DEBUG_INFORMATION_FORMAT = "dwarf-with-dsym";
				ENABLE_NS_ASSERTIONS = NO;
				ENABLE_STRICT_OBJC_MSGSEND = YES;
				GCC_C_LANGUAGE_STANDARD = gnu99;
				GCC_NO_COMMON_BLOCKS = YES;
				GCC_WARN_64_TO_32_BIT_CONVERSION = YES;
				GCC_WARN_ABOUT_RETURN_TYPE = YES_ERROR;
				GCC_WARN_UNDECLARED_SELECTOR = YES;
				GCC_WARN_UNINITIALIZED_AUTOS = YES_AGGRESSIVE;
				GCC_WARN_UNUSED_FUNCTION = YES;
				GCC_WARN_UNUSED_VARIABLE = YES;
				IPHONEOS_DEPLOYMENT_TARGET = 9.2;
				MTL_ENABLE_DEBUG_INFO = NO;
				SDKROOT = iphoneos;
				TARGETED_DEVICE_FAMILY = 2;
				VALIDATE_PRODUCT = YES;
			};
			name = Release;
		};
		853243ED1C7EA606001B3A6E /* Debug */ = {
			isa = XCBuildConfiguration;
			baseConfigurationReference = B24FB470807EE5B833AB0CFE /* Pods-OrderForm.debug.xcconfig */;
			buildSettings = {
				ASSETCATALOG_COMPILER_APPICON_NAME = AppIcon;
				CODE_SIGN_IDENTITY = "iPhone Developer";
				"CODE_SIGN_IDENTITY[sdk=iphoneos*]" = "iPhone Developer";
				INFOPLIST_FILE = OrderForm/Info.plist;
				LD_RUNPATH_SEARCH_PATHS = "$(inherited) @executable_path/Frameworks";
				PRODUCT_BUNDLE_IDENTIFIER = "com.isolite.order-form";
				PRODUCT_NAME = "$(TARGET_NAME)";
				PROVISIONING_PROFILE = "f6d82f2a-0b73-4e09-9b8b-74d8a62458bd";
			};
			name = Debug;
		};
		853243EE1C7EA606001B3A6E /* Release */ = {
			isa = XCBuildConfiguration;
			baseConfigurationReference = 237E5E5FDAD13EB5EA5E7804 /* Pods-OrderForm.release.xcconfig */;
			buildSettings = {
				ASSETCATALOG_COMPILER_APPICON_NAME = AppIcon;
				CODE_SIGN_IDENTITY = "iPhone Developer";
				"CODE_SIGN_IDENTITY[sdk=iphoneos*]" = "iPhone Developer";
				INFOPLIST_FILE = OrderForm/Info.plist;
				LD_RUNPATH_SEARCH_PATHS = "$(inherited) @executable_path/Frameworks";
				PRODUCT_BUNDLE_IDENTIFIER = "com.isolite.order-form";
				PRODUCT_NAME = "$(TARGET_NAME)";
				PROVISIONING_PROFILE = "f6d82f2a-0b73-4e09-9b8b-74d8a62458bd";
			};
			name = Release;
		};
/* End XCBuildConfiguration section */

/* Begin XCConfigurationList section */
		853243D01C7EA606001B3A6E /* Build configuration list for PBXProject "OrderForm" */ = {
			isa = XCConfigurationList;
			buildConfigurations = (
				853243EA1C7EA606001B3A6E /* Debug */,
				853243EB1C7EA606001B3A6E /* Release */,
			);
			defaultConfigurationIsVisible = 0;
			defaultConfigurationName = Release;
		};
		853243EC1C7EA606001B3A6E /* Build configuration list for PBXNativeTarget "OrderForm" */ = {
			isa = XCConfigurationList;
			buildConfigurations = (
				853243ED1C7EA606001B3A6E /* Debug */,
				853243EE1C7EA606001B3A6E /* Release */,
			);
			defaultConfigurationIsVisible = 0;
			defaultConfigurationName = Release;
		};
/* End XCConfigurationList section */
	};
	rootObject = 853243CD1C7EA606001B3A6E /* Project object */;
}
